// !$*UTF8*$!
{
	archiveVersion = 1;
	classes = {
	};
	objectVersion = 51;
	objects = {

/* Begin PBXBuildFile section */
		3F60825528D76183003A7D54 /* AppDelegate.swift in Sources */ = {isa = PBXBuildFile; fileRef = 3F60825428D76183003A7D54 /* AppDelegate.swift */; };
		3F60825728D76183003A7D54 /* SceneDelegate.swift in Sources */ = {isa = PBXBuildFile; fileRef = 3F60825628D76183003A7D54 /* SceneDelegate.swift */; };
		3F60825928D76183003A7D54 /* ViewController.swift in Sources */ = {isa = PBXBuildFile; fileRef = 3F60825828D76183003A7D54 /* ViewController.swift */; };
		3F60825E28D76185003A7D54 /* Assets.xcassets in Resources */ = {isa = PBXBuildFile; fileRef = 3F60825D28D76185003A7D54 /* Assets.xcassets */; };
		3F60826128D76185003A7D54 /* LaunchScreen.storyboard in Resources */ = {isa = PBXBuildFile; fileRef = 3F60825F28D76185003A7D54 /* LaunchScreen.storyboard */; };
		3F60826C28D76185003A7D54 /* MomentsTests.swift in Sources */ = {isa = PBXBuildFile; fileRef = 3F60826B28D76185003A7D54 /* MomentsTests.swift */; };
		3F60827728D76185003A7D54 /* MomentsUITests.swift in Sources */ = {isa = PBXBuildFile; fileRef = 3F60827628D76185003A7D54 /* MomentsUITests.swift */; };
		3F9F276D28EED089006FB6C1 /* TogglesDataStoreType.swift in Sources */ = {isa = PBXBuildFile; fileRef = 3F9F276C28EED089006FB6C1 /* TogglesDataStoreType.swift */; };
		3F9F276F28EED18E006FB6C1 /* BuildTargetTogglesDataStore.swift in Sources */ = {isa = PBXBuildFile; fileRef = 3F9F276E28EED18E006FB6C1 /* BuildTargetTogglesDataStore.swift */; };
		3F9F277128EED808006FB6C1 /* InternalTogglesDataStore.swift in Sources */ = {isa = PBXBuildFile; fileRef = 3F9F277028EED808006FB6C1 /* InternalTogglesDataStore.swift */; };
		3FAE3E9B28F187E900649B07 /* InternalMenuCellType.swift in Sources */ = {isa = PBXBuildFile; fileRef = 3FAE3E9A28F187E900649B07 /* InternalMenuCellType.swift */; };
		3FAE3E9D28F189CE00649B07 /* InternalMenuItemViewModel.swift in Sources */ = {isa = PBXBuildFile; fileRef = 3FAE3E9C28F189CE00649B07 /* InternalMenuItemViewModel.swift */; };
		3FB8B87428E6E077009E3AF1 /* Pods_Moments.framework in Frameworks */ = {isa = PBXBuildFile; fileRef = 3FB8B87228E6E077009E3AF1 /* Pods_Moments.framework */; };
		96020A1F2A49684E00FCB8A6 /* PersistentDataStoreType.swift in Sources */ = {isa = PBXBuildFile; fileRef = 96020A1E2A49684E00FCB8A6 /* PersistentDataStoreType.swift */; };
		96020A212A496B7B00FCB8A6 /* UserDefaultsPersistentDataStore.swift in Sources */ = {isa = PBXBuildFile; fileRef = 96020A202A496B7B00FCB8A6 /* UserDefaultsPersistentDataStore.swift */; };
		96020A242A49718D00FCB8A6 /* MomentsRepo.swift in Sources */ = {isa = PBXBuildFile; fileRef = 96020A232A49718D00FCB8A6 /* MomentsRepo.swift */; };
		9606D1E9290FC497003CE7AA /* Localizable.strings in Resources */ = {isa = PBXBuildFile; fileRef = 9606D1EB290FC497003CE7AA /* Localizable.strings */; };
		9606D1EE290FCB28003CE7AA /* Strings.swift in Sources */ = {isa = PBXBuildFile; fileRef = 9606D1ED290FCB28003CE7AA /* Strings.swift */; };
		96BDC614294AC03F0071FDC6 /* GetMomentsByUserIDSession.swift in Sources */ = {isa = PBXBuildFile; fileRef = 96BDC613294AC03F0071FDC6 /* GetMomentsByUserIDSession.swift */; };
		96CA54BF29499DD400E17691 /* MomentsDetails.swift in Sources */ = {isa = PBXBuildFile; fileRef = 96CA54BE29499DD400E17691 /* MomentsDetails.swift */; };
		96CA54C12949A9C400E17691 /* Configuration.swift in Sources */ = {isa = PBXBuildFile; fileRef = 96CA54C02949A9C400E17691 /* Configuration.swift */; };
		96CA54C42949B03F00E17691 /* API.swift in Sources */ = {isa = PBXBuildFile; fileRef = 96CA54C32949B03F00E17691 /* API.swift */; };
		96CA54C62949B9D600E17691 /* APISession.swift in Sources */ = {isa = PBXBuildFile; fileRef = 96CA54C52949B9D600E17691 /* APISession.swift */; };
		96CB549829091C2A00F87421 /* TransitionType.swift in Sources */ = {isa = PBXBuildFile; fileRef = 96CB549729091C2A00F87421 /* TransitionType.swift */; };
		96CB549A29091CB200F87421 /* UniversalLinks.swift in Sources */ = {isa = PBXBuildFile; fileRef = 96CB549929091CB200F87421 /* UniversalLinks.swift */; };
		96CB549C29091D5200F87421 /* RoutingSource.swift in Sources */ = {isa = PBXBuildFile; fileRef = 96CB549B29091D5200F87421 /* RoutingSource.swift */; };
		96CB549E29091E5600F87421 /* Navigating.swift in Sources */ = {isa = PBXBuildFile; fileRef = 96CB549D29091E5600F87421 /* Navigating.swift */; };
		96CB54A02909210C00F87421 /* AppRouting.swift in Sources */ = {isa = PBXBuildFile; fileRef = 96CB549F2909210C00F87421 /* AppRouting.swift */; };
		96CB54A2290930F300F87421 /* AppRouter.swift in Sources */ = {isa = PBXBuildFile; fileRef = 96CB54A1290930F300F87421 /* AppRouter.swift */; };
		96CB54A5290932BF00F87421 /* UIApplicationExtensions.swift in Sources */ = {isa = PBXBuildFile; fileRef = 96CB54A4290932BF00F87421 /* UIApplicationExtensions.swift */; };
		96CB54A72909357300F87421 /* InternalMenuNavigator.swift in Sources */ = {isa = PBXBuildFile; fileRef = 96CB54A62909357300F87421 /* InternalMenuNavigator.swift */; };
		96CB54A92909401E00F87421 /* InternalMenuDesignKitDemoItemViewModel.swift in Sources */ = {isa = PBXBuildFile; fileRef = 96CB54A82909401E00F87421 /* InternalMenuDesignKitDemoItemViewModel.swift */; };
		96CB54AB290948D800F87421 /* DesignKitDemoNavigator.swift in Sources */ = {isa = PBXBuildFile; fileRef = 96CB54AA290948D800F87421 /* DesignKitDemoNavigator.swift */; };
		96CB54AE29094A2700F87421 /* DesignKitDemoViewController.swift in Sources */ = {isa = PBXBuildFile; fileRef = 96CB54AD29094A2700F87421 /* DesignKitDemoViewController.swift */; };
		96DAE5192A614B8B00BD6EF5 /* BaseTableViewController.swift in Sources */ = {isa = PBXBuildFile; fileRef = 96DAE5182A614B8B00BD6EF5 /* BaseTableViewController.swift */; };
		96DAE51C2A614D4400BD6EF5 /* ListViewModel.swift in Sources */ = {isa = PBXBuildFile; fileRef = 96DAE51B2A614D4400BD6EF5 /* ListViewModel.swift */; };
		96DAE51E2A614DD100BD6EF5 /* ListItemViewModel.swift in Sources */ = {isa = PBXBuildFile; fileRef = 96DAE51D2A614DD100BD6EF5 /* ListItemViewModel.swift */; };
		96DAE5202A61549400BD6EF5 /* ListItemCell.swift in Sources */ = {isa = PBXBuildFile; fileRef = 96DAE51F2A61549400BD6EF5 /* ListItemCell.swift */; };
		96DB82B728F2AB9A00882982 /* InternalMenuDescriptionItemViewModel.swift in Sources */ = {isa = PBXBuildFile; fileRef = 96DB82B628F2AB9A00882982 /* InternalMenuDescriptionItemViewModel.swift */; };
		96DB82B928F2ACB500882982 /* InternalMenuActionTriggerItemViewModel.swift in Sources */ = {isa = PBXBuildFile; fileRef = 96DB82B828F2ACB500882982 /* InternalMenuActionTriggerItemViewModel.swift */; };
		96DB82BB28F2AE6F00882982 /* InternalMenuCrashAppItemViewModel.swift in Sources */ = {isa = PBXBuildFile; fileRef = 96DB82BA28F2AE6F00882982 /* InternalMenuCrashAppItemViewModel.swift */; };
		96DB82BD28F2B14000882982 /* InternalMenuFeatureToggleItemViewModel.swift in Sources */ = {isa = PBXBuildFile; fileRef = 96DB82BC28F2B14000882982 /* InternalMenuFeatureToggleItemViewModel.swift */; };
		96DB82BF28F2B48000882982 /* InternalMenuDescriptionCell.swift in Sources */ = {isa = PBXBuildFile; fileRef = 96DB82BE28F2B48000882982 /* InternalMenuDescriptionCell.swift */; };
		96DB82C128F2B5A300882982 /* InternalMenuActionTriggerCell.swift in Sources */ = {isa = PBXBuildFile; fileRef = 96DB82C028F2B5A300882982 /* InternalMenuActionTriggerCell.swift */; };
		96DB82C428F2B8BF00882982 /* Functions.swift in Sources */ = {isa = PBXBuildFile; fileRef = 96DB82C328F2B8BF00882982 /* Functions.swift */; };
		96DB82C628F2BBF900882982 /* InternalMenuFeatureToggleCell.swift in Sources */ = {isa = PBXBuildFile; fileRef = 96DB82C528F2BBF900882982 /* InternalMenuFeatureToggleCell.swift */; };
		96DB82C828F2D0E200882982 /* InternalMenuSection.swift in Sources */ = {isa = PBXBuildFile; fileRef = 96DB82C728F2D0E200882982 /* InternalMenuSection.swift */; };
		96DB82CA28F2D29500882982 /* InternalMenuViewModel.swift in Sources */ = {isa = PBXBuildFile; fileRef = 96DB82C928F2D29500882982 /* InternalMenuViewModel.swift */; };
		96DB82CC28F2D88500882982 /* InternalMenuViewController.swift in Sources */ = {isa = PBXBuildFile; fileRef = 96DB82CB28F2D88500882982 /* InternalMenuViewController.swift */; };
		96E97257290BCFA300F488F8 /* BaseViewController.swift in Sources */ = {isa = PBXBuildFile; fileRef = 96E97256290BCFA300F488F8 /* BaseViewController.swift */; };
		9A4528D0D6FC941E08A20CF0 /* Pods_MomentsTests.framework in Frameworks */ = {isa = PBXBuildFile; fileRef = 3FB8B87328E6E077009E3AF1 /* Pods_MomentsTests.framework */; };
/* End PBXBuildFile section */

/* Begin PBXContainerItemProxy section */
		3F60826828D76185003A7D54 /* PBXContainerItemProxy */ = {
			isa = PBXContainerItemProxy;
			containerPortal = 3F60824928D76183003A7D54 /* Project object */;
			proxyType = 1;
			remoteGlobalIDString = 3F60825028D76183003A7D54;
			remoteInfo = Moments;
		};
		3F60827328D76185003A7D54 /* PBXContainerItemProxy */ = {
			isa = PBXContainerItemProxy;
			containerPortal = 3F60824928D76183003A7D54 /* Project object */;
			proxyType = 1;
			remoteGlobalIDString = 3F60825028D76183003A7D54;
			remoteInfo = Moments;
		};
/* End PBXContainerItemProxy section */

/* Begin PBXFileReference section */
		056F377532C3341B90C8FB7A /* Pods-Moments.debug.xcconfig */ = {isa = PBXFileReference; includeInIndex = 1; lastKnownFileType = text.xcconfig; name = "Pods-Moments.debug.xcconfig"; path = "Target Support Files/Pods-Moments/Pods-Moments.debug.xcconfig"; sourceTree = "<group>"; };
		3F60825128D76183003A7D54 /* Moments.app */ = {isa = PBXFileReference; explicitFileType = wrapper.application; includeInIndex = 0; path = Moments.app; sourceTree = BUILT_PRODUCTS_DIR; };
		3F60825428D76183003A7D54 /* AppDelegate.swift */ = {isa = PBXFileReference; lastKnownFileType = sourcecode.swift; path = AppDelegate.swift; sourceTree = "<group>"; };
		3F60825628D76183003A7D54 /* SceneDelegate.swift */ = {isa = PBXFileReference; lastKnownFileType = sourcecode.swift; path = SceneDelegate.swift; sourceTree = "<group>"; };
		3F60825828D76183003A7D54 /* ViewController.swift */ = {isa = PBXFileReference; lastKnownFileType = sourcecode.swift; path = ViewController.swift; sourceTree = "<group>"; };
		3F60825D28D76185003A7D54 /* Assets.xcassets */ = {isa = PBXFileReference; lastKnownFileType = folder.assetcatalog; path = Assets.xcassets; sourceTree = "<group>"; };
		3F60826028D76185003A7D54 /* Base */ = {isa = PBXFileReference; lastKnownFileType = file.storyboard; name = Base; path = Base.lproj/LaunchScreen.storyboard; sourceTree = "<group>"; };
		3F60826228D76185003A7D54 /* Info.plist */ = {isa = PBXFileReference; lastKnownFileType = text.plist.xml; path = Info.plist; sourceTree = "<group>"; };
		3F60826728D76185003A7D54 /* MomentsTests.xctest */ = {isa = PBXFileReference; explicitFileType = wrapper.cfbundle; includeInIndex = 0; path = MomentsTests.xctest; sourceTree = BUILT_PRODUCTS_DIR; };
		3F60826B28D76185003A7D54 /* MomentsTests.swift */ = {isa = PBXFileReference; lastKnownFileType = sourcecode.swift; path = MomentsTests.swift; sourceTree = "<group>"; };
		3F60826D28D76185003A7D54 /* Info.plist */ = {isa = PBXFileReference; lastKnownFileType = text.plist.xml; path = Info.plist; sourceTree = "<group>"; };
		3F60827228D76185003A7D54 /* MomentsUITests.xctest */ = {isa = PBXFileReference; explicitFileType = wrapper.cfbundle; includeInIndex = 0; path = MomentsUITests.xctest; sourceTree = BUILT_PRODUCTS_DIR; };
		3F60827628D76185003A7D54 /* MomentsUITests.swift */ = {isa = PBXFileReference; lastKnownFileType = sourcecode.swift; path = MomentsUITests.swift; sourceTree = "<group>"; };
		3F60827828D76185003A7D54 /* Info.plist */ = {isa = PBXFileReference; lastKnownFileType = text.plist.xml; path = Info.plist; sourceTree = "<group>"; };
		3F9F276C28EED089006FB6C1 /* TogglesDataStoreType.swift */ = {isa = PBXFileReference; lastKnownFileType = sourcecode.swift; path = TogglesDataStoreType.swift; sourceTree = "<group>"; };
		3F9F276E28EED18E006FB6C1 /* BuildTargetTogglesDataStore.swift */ = {isa = PBXFileReference; lastKnownFileType = sourcecode.swift; path = BuildTargetTogglesDataStore.swift; sourceTree = "<group>"; };
		3F9F277028EED808006FB6C1 /* InternalTogglesDataStore.swift */ = {isa = PBXFileReference; lastKnownFileType = sourcecode.swift; path = InternalTogglesDataStore.swift; sourceTree = "<group>"; };
		3FAE3E9A28F187E900649B07 /* InternalMenuCellType.swift */ = {isa = PBXFileReference; lastKnownFileType = sourcecode.swift; path = InternalMenuCellType.swift; sourceTree = "<group>"; };
		3FAE3E9C28F189CE00649B07 /* InternalMenuItemViewModel.swift */ = {isa = PBXFileReference; lastKnownFileType = sourcecode.swift; path = InternalMenuItemViewModel.swift; sourceTree = "<group>"; };
		3FB8B87228E6E077009E3AF1 /* Pods_Moments.framework */ = {isa = PBXFileReference; explicitFileType = wrapper.framework; path = Pods_Moments.framework; sourceTree = BUILT_PRODUCTS_DIR; };
		3FB8B87328E6E077009E3AF1 /* Pods_MomentsTests.framework */ = {isa = PBXFileReference; explicitFileType = wrapper.framework; path = Pods_MomentsTests.framework; sourceTree = BUILT_PRODUCTS_DIR; };
		3FBC1F8628D9FB8A007FA86A /* DebugProject.xcconfig */ = {isa = PBXFileReference; fileEncoding = 4; lastKnownFileType = text.xcconfig; path = DebugProject.xcconfig; sourceTree = "<group>"; };
		3FBC1F8728D9FB8A007FA86A /* InternalTarget.xcconfig */ = {isa = PBXFileReference; fileEncoding = 4; lastKnownFileType = text.xcconfig; path = InternalTarget.xcconfig; sourceTree = "<group>"; };
		3FBC1F8828D9FB8A007FA86A /* BaseConfigurations.xcconfig */ = {isa = PBXFileReference; fileEncoding = 4; lastKnownFileType = text.xcconfig; path = BaseConfigurations.xcconfig; sourceTree = "<group>"; };
		3FBC1F8928D9FB8B007FA86A /* CompilerAndLanguage.xcconfig */ = {isa = PBXFileReference; fileEncoding = 4; lastKnownFileType = text.xcconfig; path = CompilerAndLanguage.xcconfig; sourceTree = "<group>"; };
		3FBC1F8A28D9FB8B007FA86A /* InternalProject.xcconfig */ = {isa = PBXFileReference; fileEncoding = 4; lastKnownFileType = text.xcconfig; path = InternalProject.xcconfig; sourceTree = "<group>"; };
		3FBC1F8B28D9FB8B007FA86A /* AppStoreProject.xcconfig */ = {isa = PBXFileReference; fileEncoding = 4; lastKnownFileType = text.xcconfig; path = AppStoreProject.xcconfig; sourceTree = "<group>"; };
		3FBC1F8C28D9FB8B007FA86A /* AppStoreTarget.xcconfig */ = {isa = PBXFileReference; fileEncoding = 4; lastKnownFileType = text.xcconfig; path = AppStoreTarget.xcconfig; sourceTree = "<group>"; };
		3FBC1F8D28D9FB8B007FA86A /* BaseProject.xcconfig */ = {isa = PBXFileReference; fileEncoding = 4; lastKnownFileType = text.xcconfig; path = BaseProject.xcconfig; sourceTree = "<group>"; };
		3FBC1F8E28D9FB8B007FA86A /* SDKAndDeviceSupport.xcconfig */ = {isa = PBXFileReference; fileEncoding = 4; lastKnownFileType = text.xcconfig; path = SDKAndDeviceSupport.xcconfig; sourceTree = "<group>"; };
		3FBC1F8F28D9FB8B007FA86A /* DebugTarget.xcconfig */ = {isa = PBXFileReference; fileEncoding = 4; lastKnownFileType = text.xcconfig; path = DebugTarget.xcconfig; sourceTree = "<group>"; };
		3FBC1F9028D9FB8B007FA86A /* BaseTarget.xcconfig */ = {isa = PBXFileReference; fileEncoding = 4; lastKnownFileType = text.xcconfig; path = BaseTarget.xcconfig; sourceTree = "<group>"; };
		693A65526DD7F71C389630B2 /* Pods-MomentsTests.release.xcconfig */ = {isa = PBXFileReference; includeInIndex = 1; lastKnownFileType = text.xcconfig; name = "Pods-MomentsTests.release.xcconfig"; path = "Target Support Files/Pods-MomentsTests/Pods-MomentsTests.release.xcconfig"; sourceTree = "<group>"; };
		77A43233DB2989BBA7D5F58B /* Pods-MomentsTests.appstore.xcconfig */ = {isa = PBXFileReference; includeInIndex = 1; lastKnownFileType = text.xcconfig; name = "Pods-MomentsTests.appstore.xcconfig"; path = "Target Support Files/Pods-MomentsTests/Pods-MomentsTests.appstore.xcconfig"; sourceTree = "<group>"; };
		96020A1E2A49684E00FCB8A6 /* PersistentDataStoreType.swift */ = {isa = PBXFileReference; lastKnownFileType = sourcecode.swift; path = PersistentDataStoreType.swift; sourceTree = "<group>"; };
		96020A202A496B7B00FCB8A6 /* UserDefaultsPersistentDataStore.swift */ = {isa = PBXFileReference; lastKnownFileType = sourcecode.swift; path = UserDefaultsPersistentDataStore.swift; sourceTree = "<group>"; };
		96020A232A49718D00FCB8A6 /* MomentsRepo.swift */ = {isa = PBXFileReference; lastKnownFileType = sourcecode.swift; path = MomentsRepo.swift; sourceTree = "<group>"; };
		9606D1EA290FC497003CE7AA /* en */ = {isa = PBXFileReference; lastKnownFileType = text.plist.strings; name = en; path = en.lproj/Localizable.strings; sourceTree = "<group>"; };
		9606D1EC290FC4C0003CE7AA /* zh-Hans */ = {isa = PBXFileReference; lastKnownFileType = text.plist.strings; name = "zh-Hans"; path = "zh-Hans.lproj/Localizable.strings"; sourceTree = "<group>"; };
		9606D1ED290FCB28003CE7AA /* Strings.swift */ = {isa = PBXFileReference; fileEncoding = 4; lastKnownFileType = sourcecode.swift; path = Strings.swift; sourceTree = "<group>"; };
		96BDC613294AC03F0071FDC6 /* GetMomentsByUserIDSession.swift */ = {isa = PBXFileReference; lastKnownFileType = sourcecode.swift; path = GetMomentsByUserIDSession.swift; sourceTree = "<group>"; };
		96CA54BE29499DD400E17691 /* MomentsDetails.swift */ = {isa = PBXFileReference; lastKnownFileType = sourcecode.swift; path = MomentsDetails.swift; sourceTree = "<group>"; };
		96CA54C02949A9C400E17691 /* Configuration.swift */ = {isa = PBXFileReference; lastKnownFileType = sourcecode.swift; path = Configuration.swift; sourceTree = "<group>"; };
		96CA54C32949B03F00E17691 /* API.swift */ = {isa = PBXFileReference; lastKnownFileType = sourcecode.swift; path = API.swift; sourceTree = "<group>"; };
		96CA54C52949B9D600E17691 /* APISession.swift */ = {isa = PBXFileReference; lastKnownFileType = sourcecode.swift; path = APISession.swift; sourceTree = "<group>"; };
		96CB549729091C2A00F87421 /* TransitionType.swift */ = {isa = PBXFileReference; lastKnownFileType = sourcecode.swift; path = TransitionType.swift; sourceTree = "<group>"; };
		96CB549929091CB200F87421 /* UniversalLinks.swift */ = {isa = PBXFileReference; lastKnownFileType = sourcecode.swift; path = UniversalLinks.swift; sourceTree = "<group>"; };
		96CB549B29091D5200F87421 /* RoutingSource.swift */ = {isa = PBXFileReference; lastKnownFileType = sourcecode.swift; path = RoutingSource.swift; sourceTree = "<group>"; };
		96CB549D29091E5600F87421 /* Navigating.swift */ = {isa = PBXFileReference; lastKnownFileType = sourcecode.swift; path = Navigating.swift; sourceTree = "<group>"; };
		96CB549F2909210C00F87421 /* AppRouting.swift */ = {isa = PBXFileReference; lastKnownFileType = sourcecode.swift; path = AppRouting.swift; sourceTree = "<group>"; };
		96CB54A1290930F300F87421 /* AppRouter.swift */ = {isa = PBXFileReference; lastKnownFileType = sourcecode.swift; path = AppRouter.swift; sourceTree = "<group>"; };
		96CB54A4290932BF00F87421 /* UIApplicationExtensions.swift */ = {isa = PBXFileReference; lastKnownFileType = sourcecode.swift; path = UIApplicationExtensions.swift; sourceTree = "<group>"; };
		96CB54A62909357300F87421 /* InternalMenuNavigator.swift */ = {isa = PBXFileReference; lastKnownFileType = sourcecode.swift; name = InternalMenuNavigator.swift; path = Moments/Features/InternalMenu/Routing/InternalMenuNavigator.swift; sourceTree = SOURCE_ROOT; };
		96CB54A82909401E00F87421 /* InternalMenuDesignKitDemoItemViewModel.swift */ = {isa = PBXFileReference; lastKnownFileType = sourcecode.swift; path = InternalMenuDesignKitDemoItemViewModel.swift; sourceTree = "<group>"; };
		96CB54AA290948D800F87421 /* DesignKitDemoNavigator.swift */ = {isa = PBXFileReference; lastKnownFileType = sourcecode.swift; name = DesignKitDemoNavigator.swift; path = Moments/Features/InternalMenu/Routing/DesignKitDemoNavigator.swift; sourceTree = SOURCE_ROOT; };
		96CB54AD29094A2700F87421 /* DesignKitDemoViewController.swift */ = {isa = PBXFileReference; lastKnownFileType = sourcecode.swift; path = DesignKitDemoViewController.swift; sourceTree = "<group>"; };
		96DAE5182A614B8B00BD6EF5 /* BaseTableViewController.swift */ = {isa = PBXFileReference; lastKnownFileType = sourcecode.swift; path = BaseTableViewController.swift; sourceTree = "<group>"; };
		96DAE51B2A614D4400BD6EF5 /* ListViewModel.swift */ = {isa = PBXFileReference; lastKnownFileType = sourcecode.swift; path = ListViewModel.swift; sourceTree = "<group>"; };
		96DAE51D2A614DD100BD6EF5 /* ListItemViewModel.swift */ = {isa = PBXFileReference; lastKnownFileType = sourcecode.swift; path = ListItemViewModel.swift; sourceTree = "<group>"; };
		96DAE51F2A61549400BD6EF5 /* ListItemCell.swift */ = {isa = PBXFileReference; lastKnownFileType = sourcecode.swift; path = ListItemCell.swift; sourceTree = "<group>"; };
		96DB82B628F2AB9A00882982 /* InternalMenuDescriptionItemViewModel.swift */ = {isa = PBXFileReference; lastKnownFileType = sourcecode.swift; path = InternalMenuDescriptionItemViewModel.swift; sourceTree = "<group>"; };
		96DB82B828F2ACB500882982 /* InternalMenuActionTriggerItemViewModel.swift */ = {isa = PBXFileReference; lastKnownFileType = sourcecode.swift; path = InternalMenuActionTriggerItemViewModel.swift; sourceTree = "<group>"; };
		96DB82BA28F2AE6F00882982 /* InternalMenuCrashAppItemViewModel.swift */ = {isa = PBXFileReference; lastKnownFileType = sourcecode.swift; path = InternalMenuCrashAppItemViewModel.swift; sourceTree = "<group>"; };
		96DB82BC28F2B14000882982 /* InternalMenuFeatureToggleItemViewModel.swift */ = {isa = PBXFileReference; lastKnownFileType = sourcecode.swift; path = InternalMenuFeatureToggleItemViewModel.swift; sourceTree = "<group>"; };
		96DB82BE28F2B48000882982 /* InternalMenuDescriptionCell.swift */ = {isa = PBXFileReference; lastKnownFileType = sourcecode.swift; path = InternalMenuDescriptionCell.swift; sourceTree = "<group>"; };
		96DB82C028F2B5A300882982 /* InternalMenuActionTriggerCell.swift */ = {isa = PBXFileReference; lastKnownFileType = sourcecode.swift; path = InternalMenuActionTriggerCell.swift; sourceTree = "<group>"; };
		96DB82C328F2B8BF00882982 /* Functions.swift */ = {isa = PBXFileReference; lastKnownFileType = sourcecode.swift; path = Functions.swift; sourceTree = "<group>"; };
		96DB82C528F2BBF900882982 /* InternalMenuFeatureToggleCell.swift */ = {isa = PBXFileReference; lastKnownFileType = sourcecode.swift; path = InternalMenuFeatureToggleCell.swift; sourceTree = "<group>"; };
		96DB82C728F2D0E200882982 /* InternalMenuSection.swift */ = {isa = PBXFileReference; lastKnownFileType = sourcecode.swift; path = InternalMenuSection.swift; sourceTree = "<group>"; };
		96DB82C928F2D29500882982 /* InternalMenuViewModel.swift */ = {isa = PBXFileReference; lastKnownFileType = sourcecode.swift; path = InternalMenuViewModel.swift; sourceTree = "<group>"; };
		96DB82CB28F2D88500882982 /* InternalMenuViewController.swift */ = {isa = PBXFileReference; lastKnownFileType = sourcecode.swift; path = InternalMenuViewController.swift; sourceTree = "<group>"; };
		96E97256290BCFA300F488F8 /* BaseViewController.swift */ = {isa = PBXFileReference; lastKnownFileType = sourcecode.swift; path = BaseViewController.swift; sourceTree = "<group>"; };
		991774A86DD6F00DBC06A869 /* Pods-MomentsTests.debug.xcconfig */ = {isa = PBXFileReference; includeInIndex = 1; lastKnownFileType = text.xcconfig; name = "Pods-MomentsTests.debug.xcconfig"; path = "Target Support Files/Pods-MomentsTests/Pods-MomentsTests.debug.xcconfig"; sourceTree = "<group>"; };
		A80DC0DE5E22817CA3EBE7AD /* Pods-MomentsTests.internal.xcconfig */ = {isa = PBXFileReference; includeInIndex = 1; lastKnownFileType = text.xcconfig; name = "Pods-MomentsTests.internal.xcconfig"; path = "Target Support Files/Pods-MomentsTests/Pods-MomentsTests.internal.xcconfig"; sourceTree = "<group>"; };
		B44A9F1C38D6B2FE101F1BD5 /* Pods-Moments.release.xcconfig */ = {isa = PBXFileReference; includeInIndex = 1; lastKnownFileType = text.xcconfig; name = "Pods-Moments.release.xcconfig"; path = "Target Support Files/Pods-Moments/Pods-Moments.release.xcconfig"; sourceTree = "<group>"; };
		D85EB740BDE73B1CF6F7DD9E /* Pods-Moments.appstore.xcconfig */ = {isa = PBXFileReference; includeInIndex = 1; lastKnownFileType = text.xcconfig; name = "Pods-Moments.appstore.xcconfig"; path = "Target Support Files/Pods-Moments/Pods-Moments.appstore.xcconfig"; sourceTree = "<group>"; };
		EF383CA18A97F6EA2D64AF80 /* Pods-Moments.internal.xcconfig */ = {isa = PBXFileReference; includeInIndex = 1; lastKnownFileType = text.xcconfig; name = "Pods-Moments.internal.xcconfig"; path = "Target Support Files/Pods-Moments/Pods-Moments.internal.xcconfig"; sourceTree = "<group>"; };
/* End PBXFileReference section */

/* Begin PBXFrameworksBuildPhase section */
		3F60824E28D76183003A7D54 /* Frameworks */ = {
			isa = PBXFrameworksBuildPhase;
			buildActionMask = 2147483647;
			files = (
				3FB8B87428E6E077009E3AF1 /* Pods_Moments.framework in Frameworks */,
			);
			runOnlyForDeploymentPostprocessing = 0;
		};
		3F60826428D76185003A7D54 /* Frameworks */ = {
			isa = PBXFrameworksBuildPhase;
			buildActionMask = 2147483647;
			files = (
				9A4528D0D6FC941E08A20CF0 /* Pods_MomentsTests.framework in Frameworks */,
			);
			runOnlyForDeploymentPostprocessing = 0;
		};
		3F60826F28D76185003A7D54 /* Frameworks */ = {
			isa = PBXFrameworksBuildPhase;
			buildActionMask = 2147483647;
			files = (
			);
			runOnlyForDeploymentPostprocessing = 0;
		};
/* End PBXFrameworksBuildPhase section */

/* Begin PBXGroup section */
		3F60824828D76183003A7D54 = {
			isa = PBXGroup;
			children = (
				3F60825328D76183003A7D54 /* Moments */,
				3F60826A28D76185003A7D54 /* MomentsTests */,
				3F60827528D76185003A7D54 /* MomentsUITests */,
				3F60825228D76183003A7D54 /* Products */,
				9A4CA886D262F42362DFB287 /* Pods */,
				F3800E3D8CE52E09251E1FE8 /* Frameworks */,
			);
			sourceTree = "<group>";
		};
		3F60825228D76183003A7D54 /* Products */ = {
			isa = PBXGroup;
			children = (
				3F60825128D76183003A7D54 /* Moments.app */,
				3F60826728D76185003A7D54 /* MomentsTests.xctest */,
				3F60827228D76185003A7D54 /* MomentsUITests.xctest */,
			);
			name = Products;
			sourceTree = "<group>";
		};
		3F60825328D76183003A7D54 /* Moments */ = {
			isa = PBXGroup;
			children = (
				3FAE3E9528F1867400649B07 /* Features */,
				3F9F276A28EED06D006FB6C1 /* Foundations */,
				3F7EDAFD28D9C6AE0086CAC6 /* Configurations */,
				9606D1E5290FC208003CE7AA /* Generated */,
				9606D1E4290FBF7B003CE7AA /* Resource */,
				3F60825428D76183003A7D54 /* AppDelegate.swift */,
				3F60825628D76183003A7D54 /* SceneDelegate.swift */,
				3F60825828D76183003A7D54 /* ViewController.swift */,
				3F60826228D76185003A7D54 /* Info.plist */,
			);
			path = Moments;
			sourceTree = "<group>";
		};
		3F60826A28D76185003A7D54 /* MomentsTests */ = {
			isa = PBXGroup;
			children = (
				3F60826B28D76185003A7D54 /* MomentsTests.swift */,
				3F60826D28D76185003A7D54 /* Info.plist */,
			);
			path = MomentsTests;
			sourceTree = "<group>";
		};
		3F60827528D76185003A7D54 /* MomentsUITests */ = {
			isa = PBXGroup;
			children = (
				3F60827628D76185003A7D54 /* MomentsUITests.swift */,
				3F60827828D76185003A7D54 /* Info.plist */,
			);
			path = MomentsUITests;
			sourceTree = "<group>";
		};
		3F7EDAFD28D9C6AE0086CAC6 /* Configurations */ = {
			isa = PBXGroup;
			children = (
				3FBC1F8B28D9FB8B007FA86A /* AppStoreProject.xcconfig */,
				3FBC1F8C28D9FB8B007FA86A /* AppStoreTarget.xcconfig */,
				3FBC1F8828D9FB8A007FA86A /* BaseConfigurations.xcconfig */,
				3FBC1F8D28D9FB8B007FA86A /* BaseProject.xcconfig */,
				3FBC1F9028D9FB8B007FA86A /* BaseTarget.xcconfig */,
				3FBC1F8928D9FB8B007FA86A /* CompilerAndLanguage.xcconfig */,
				3FBC1F8628D9FB8A007FA86A /* DebugProject.xcconfig */,
				3FBC1F8F28D9FB8B007FA86A /* DebugTarget.xcconfig */,
				3FBC1F8A28D9FB8B007FA86A /* InternalProject.xcconfig */,
				3FBC1F8728D9FB8A007FA86A /* InternalTarget.xcconfig */,
				3FBC1F8E28D9FB8B007FA86A /* SDKAndDeviceSupport.xcconfig */,
			);
			path = Configurations;
			sourceTree = "<group>";
		};
		3F9F276A28EED06D006FB6C1 /* Foundations */ = {
			isa = PBXGroup;
			children = (
				96020A1D2A49683300FCB8A6 /* DataStore */,
				96CA54C22949B03600E17691 /* Networking */,
				96CB54A3290932B300F87421 /* Extensions */,
				96CB549629091B0800F87421 /* Routing */,
				96DB82C228F2B8A300882982 /* Utilities */,
				3F9F276B28EED078006FB6C1 /* Toggles */,
				96DAE51A2A614D3800BD6EF5 /* ViewModels */,
				96E97255290BCF8800F488F8 /* Views */,
			);
			path = Foundations;
			sourceTree = "<group>";
		};
		3F9F276B28EED078006FB6C1 /* Toggles */ = {
			isa = PBXGroup;
			children = (
				3F9F276C28EED089006FB6C1 /* TogglesDataStoreType.swift */,
				3F9F276E28EED18E006FB6C1 /* BuildTargetTogglesDataStore.swift */,
				3F9F277028EED808006FB6C1 /* InternalTogglesDataStore.swift */,
			);
			path = Toggles;
			sourceTree = "<group>";
		};
		3FAE3E9528F1867400649B07 /* Features */ = {
			isa = PBXGroup;
			children = (
				96CA54BC29499D9A00E17691 /* Moments */,
				3FAE3E9628F1868100649B07 /* InternalMenu */,
			);
			path = Features;
			sourceTree = "<group>";
		};
		3FAE3E9628F1868100649B07 /* InternalMenu */ = {
			isa = PBXGroup;
			children = (
				96CB54AC290948F100F87421 /* Routing */,
				3FAE3E9928F1869D00649B07 /* ViewModels */,
				3FAE3E9828F1869400649B07 /* Views */,
			);
			path = InternalMenu;
			sourceTree = "<group>";
		};
		3FAE3E9828F1869400649B07 /* Views */ = {
			isa = PBXGroup;
			children = (
				3FAE3E9A28F187E900649B07 /* InternalMenuCellType.swift */,
				96DB82BE28F2B48000882982 /* InternalMenuDescriptionCell.swift */,
				96DB82C028F2B5A300882982 /* InternalMenuActionTriggerCell.swift */,
				96DB82C528F2BBF900882982 /* InternalMenuFeatureToggleCell.swift */,
				96DB82CB28F2D88500882982 /* InternalMenuViewController.swift */,
				96CB54AD29094A2700F87421 /* DesignKitDemoViewController.swift */,
			);
			path = Views;
			sourceTree = "<group>";
		};
		3FAE3E9928F1869D00649B07 /* ViewModels */ = {
			isa = PBXGroup;
			children = (
				3FAE3E9C28F189CE00649B07 /* InternalMenuItemViewModel.swift */,
				96DB82B628F2AB9A00882982 /* InternalMenuDescriptionItemViewModel.swift */,
				96DB82B828F2ACB500882982 /* InternalMenuActionTriggerItemViewModel.swift */,
				96DB82BA28F2AE6F00882982 /* InternalMenuCrashAppItemViewModel.swift */,
				96CB54A82909401E00F87421 /* InternalMenuDesignKitDemoItemViewModel.swift */,
				96DB82BC28F2B14000882982 /* InternalMenuFeatureToggleItemViewModel.swift */,
				96DB82C728F2D0E200882982 /* InternalMenuSection.swift */,
				96DB82C928F2D29500882982 /* InternalMenuViewModel.swift */,
			);
			path = ViewModels;
			sourceTree = "<group>";
		};
		96020A1D2A49683300FCB8A6 /* DataStore */ = {
			isa = PBXGroup;
			children = (
				96020A1E2A49684E00FCB8A6 /* PersistentDataStoreType.swift */,
				96020A202A496B7B00FCB8A6 /* UserDefaultsPersistentDataStore.swift */,
			);
			path = DataStore;
			sourceTree = "<group>";
		};
		96020A222A49717E00FCB8A6 /* Repositories */ = {
			isa = PBXGroup;
			children = (
				96020A232A49718D00FCB8A6 /* MomentsRepo.swift */,
			);
			path = Repositories;
			sourceTree = "<group>";
		};
		9606D1E4290FBF7B003CE7AA /* Resource */ = {
			isa = PBXGroup;
			children = (
				3F60825D28D76185003A7D54 /* Assets.xcassets */,
				3F60825F28D76185003A7D54 /* LaunchScreen.storyboard */,
				9606D1EB290FC497003CE7AA /* Localizable.strings */,
			);
			path = Resource;
			sourceTree = "<group>";
		};
		9606D1E5290FC208003CE7AA /* Generated */ = {
			isa = PBXGroup;
			children = (
				9606D1ED290FCB28003CE7AA /* Strings.swift */,
			);
			path = Generated;
			sourceTree = "<group>";
		};
		96BDC612294ABFF70071FDC6 /* Networking */ = {
			isa = PBXGroup;
			children = (
				96BDC613294AC03F0071FDC6 /* GetMomentsByUserIDSession.swift */,
			);
			path = Networking;
			sourceTree = "<group>";
		};
		96CA54BC29499D9A00E17691 /* Moments */ = {
			isa = PBXGroup;
			children = (
				96020A222A49717E00FCB8A6 /* Repositories */,
				96BDC612294ABFF70071FDC6 /* Networking */,
				96CA54BD29499DB800E17691 /* Models */,
			);
			path = Moments;
			sourceTree = "<group>";
		};
		96CA54BD29499DB800E17691 /* Models */ = {
			isa = PBXGroup;
			children = (
				96CA54BE29499DD400E17691 /* MomentsDetails.swift */,
			);
			path = Models;
			sourceTree = "<group>";
		};
		96CA54C22949B03600E17691 /* Networking */ = {
			isa = PBXGroup;
			children = (
				96CA54C32949B03F00E17691 /* API.swift */,
				96CA54C52949B9D600E17691 /* APISession.swift */,
			);
			path = Networking;
			sourceTree = "<group>";
		};
		96CB549629091B0800F87421 /* Routing */ = {
			isa = PBXGroup;
			children = (
				96CB549729091C2A00F87421 /* TransitionType.swift */,
				96CB549929091CB200F87421 /* UniversalLinks.swift */,
				96CB549B29091D5200F87421 /* RoutingSource.swift */,
				96CB549D29091E5600F87421 /* Navigating.swift */,
				96CB549F2909210C00F87421 /* AppRouting.swift */,
				96CB54A1290930F300F87421 /* AppRouter.swift */,
			);
			path = Routing;
			sourceTree = "<group>";
		};
		96CB54A3290932B300F87421 /* Extensions */ = {
			isa = PBXGroup;
			children = (
				96CB54A4290932BF00F87421 /* UIApplicationExtensions.swift */,
			);
			path = Extensions;
			sourceTree = "<group>";
		};
		96CB54AC290948F100F87421 /* Routing */ = {
			isa = PBXGroup;
			children = (
				96CB54A62909357300F87421 /* InternalMenuNavigator.swift */,
				96CB54AA290948D800F87421 /* DesignKitDemoNavigator.swift */,
			);
			path = Routing;
			sourceTree = "<group>";
		};
		96DAE51A2A614D3800BD6EF5 /* ViewModels */ = {
			isa = PBXGroup;
			children = (
				96DAE51B2A614D4400BD6EF5 /* ListViewModel.swift */,
				96DAE51D2A614DD100BD6EF5 /* ListItemViewModel.swift */,
			);
			path = ViewModels;
			sourceTree = "<group>";
		};
		96DB82C228F2B8A300882982 /* Utilities */ = {
			isa = PBXGroup;
			children = (
				96DB82C328F2B8BF00882982 /* Functions.swift */,
				96CA54C02949A9C400E17691 /* Configuration.swift */,
			);
			path = Utilities;
			sourceTree = "<group>";
		};
		96E97255290BCF8800F488F8 /* Views */ = {
			isa = PBXGroup;
			children = (
				96E97256290BCFA300F488F8 /* BaseViewController.swift */,
				96DAE5182A614B8B00BD6EF5 /* BaseTableViewController.swift */,
				96DAE51F2A61549400BD6EF5 /* ListItemCell.swift */,
			);
			path = Views;
			sourceTree = "<group>";
		};
		9A4CA886D262F42362DFB287 /* Pods */ = {
			isa = PBXGroup;
			children = (
				056F377532C3341B90C8FB7A /* Pods-Moments.debug.xcconfig */,
				B44A9F1C38D6B2FE101F1BD5 /* Pods-Moments.release.xcconfig */,
				991774A86DD6F00DBC06A869 /* Pods-MomentsTests.debug.xcconfig */,
				693A65526DD7F71C389630B2 /* Pods-MomentsTests.release.xcconfig */,
				EF383CA18A97F6EA2D64AF80 /* Pods-Moments.internal.xcconfig */,
				D85EB740BDE73B1CF6F7DD9E /* Pods-Moments.appstore.xcconfig */,
				A80DC0DE5E22817CA3EBE7AD /* Pods-MomentsTests.internal.xcconfig */,
				77A43233DB2989BBA7D5F58B /* Pods-MomentsTests.appstore.xcconfig */,
			);
			name = Pods;
			path = ../Pods;
			sourceTree = "<group>";
		};
		F3800E3D8CE52E09251E1FE8 /* Frameworks */ = {
			isa = PBXGroup;
			children = (
				3FB8B87228E6E077009E3AF1 /* Pods_Moments.framework */,
				3FB8B87328E6E077009E3AF1 /* Pods_MomentsTests.framework */,
			);
			name = Frameworks;
			sourceTree = "<group>";
		};
/* End PBXGroup section */

/* Begin PBXNativeTarget section */
		3F60825028D76183003A7D54 /* Moments */ = {
			isa = PBXNativeTarget;
			buildConfigurationList = 3F60827B28D76185003A7D54 /* Build configuration list for PBXNativeTarget "Moments" */;
			buildPhases = (
				0F3D24D312296E19B17420F9 /* [CP] Check Pods Manifest.lock */,
				9606D1E6290FC2FB003CE7AA /* Run SwiftGen */,
				3F60824D28D76183003A7D54 /* Sources */,
				3F9D5CCE28E5F97F0083910F /* Run SwiftLint */,
				3F60824E28D76183003A7D54 /* Frameworks */,
				3F60824F28D76183003A7D54 /* Resources */,
				10783CD021B0B63EE94AA08F /* [CP] Embed Pods Frameworks */,
			);
			buildRules = (
			);
			dependencies = (
			);
			name = Moments;
			productName = Moments;
			productReference = 3F60825128D76183003A7D54 /* Moments.app */;
			productType = "com.apple.product-type.application";
		};
		3F60826628D76185003A7D54 /* MomentsTests */ = {
			isa = PBXNativeTarget;
			buildConfigurationList = 3F60827E28D76185003A7D54 /* Build configuration list for PBXNativeTarget "MomentsTests" */;
			buildPhases = (
				60C5ACAA2597C18B0C9DAB84 /* [CP] Check Pods Manifest.lock */,
				3F60826328D76185003A7D54 /* Sources */,
				3F60826428D76185003A7D54 /* Frameworks */,
				3F60826528D76185003A7D54 /* Resources */,
				B1D8F16864A972551B8E498F /* [CP] Embed Pods Frameworks */,
			);
			buildRules = (
			);
			dependencies = (
				3F60826928D76185003A7D54 /* PBXTargetDependency */,
			);
			name = MomentsTests;
			productName = MomentsTests;
			productReference = 3F60826728D76185003A7D54 /* MomentsTests.xctest */;
			productType = "com.apple.product-type.bundle.unit-test";
		};
		3F60827128D76185003A7D54 /* MomentsUITests */ = {
			isa = PBXNativeTarget;
			buildConfigurationList = 3F60828128D76185003A7D54 /* Build configuration list for PBXNativeTarget "MomentsUITests" */;
			buildPhases = (
				3F60826E28D76185003A7D54 /* Sources */,
				3F60826F28D76185003A7D54 /* Frameworks */,
				3F60827028D76185003A7D54 /* Resources */,
			);
			buildRules = (
			);
			dependencies = (
				3F60827428D76185003A7D54 /* PBXTargetDependency */,
			);
			name = MomentsUITests;
			productName = MomentsUITests;
			productReference = 3F60827228D76185003A7D54 /* MomentsUITests.xctest */;
			productType = "com.apple.product-type.bundle.ui-testing";
		};
/* End PBXNativeTarget section */

/* Begin PBXProject section */
		3F60824928D76183003A7D54 /* Project object */ = {
			isa = PBXProject;
			attributes = {
				LastSwiftUpdateCheck = 1250;
				LastUpgradeCheck = 1340;
				TargetAttributes = {
					3F60825028D76183003A7D54 = {
						CreatedOnToolsVersion = 12.5.1;
					};
					3F60826628D76185003A7D54 = {
						CreatedOnToolsVersion = 12.5.1;
						TestTargetID = 3F60825028D76183003A7D54;
					};
					3F60827128D76185003A7D54 = {
						CreatedOnToolsVersion = 12.5.1;
						TestTargetID = 3F60825028D76183003A7D54;
					};
				};
			};
			buildConfigurationList = 3F60824C28D76183003A7D54 /* Build configuration list for PBXProject "Moments" */;
			compatibilityVersion = "Xcode 9.3";
			developmentRegion = en;
			hasScannedForEncodings = 0;
			knownRegions = (
				en,
				Base,
				"zh-Hans",
			);
			mainGroup = 3F60824828D76183003A7D54;
			productRefGroup = 3F60825228D76183003A7D54 /* Products */;
			projectDirPath = "";
			projectRoot = "";
			targets = (
				3F60825028D76183003A7D54 /* Moments */,
				3F60826628D76185003A7D54 /* MomentsTests */,
				3F60827128D76185003A7D54 /* MomentsUITests */,
			);
		};
/* End PBXProject section */

/* Begin PBXResourcesBuildPhase section */
		3F60824F28D76183003A7D54 /* Resources */ = {
			isa = PBXResourcesBuildPhase;
			buildActionMask = 2147483647;
			files = (
				3F60826128D76185003A7D54 /* LaunchScreen.storyboard in Resources */,
				9606D1E9290FC497003CE7AA /* Localizable.strings in Resources */,
				3F60825E28D76185003A7D54 /* Assets.xcassets in Resources */,
			);
			runOnlyForDeploymentPostprocessing = 0;
		};
		3F60826528D76185003A7D54 /* Resources */ = {
			isa = PBXResourcesBuildPhase;
			buildActionMask = 2147483647;
			files = (
			);
			runOnlyForDeploymentPostprocessing = 0;
		};
		3F60827028D76185003A7D54 /* Resources */ = {
			isa = PBXResourcesBuildPhase;
			buildActionMask = 2147483647;
			files = (
			);
			runOnlyForDeploymentPostprocessing = 0;
		};
/* End PBXResourcesBuildPhase section */

/* Begin PBXShellScriptBuildPhase section */
		0F3D24D312296E19B17420F9 /* [CP] Check Pods Manifest.lock */ = {
			isa = PBXShellScriptBuildPhase;
			buildActionMask = 2147483647;
			files = (
			);
			inputFileListPaths = (
			);
			inputPaths = (
				"${PODS_PODFILE_DIR_PATH}/Podfile.lock",
				"${PODS_ROOT}/Manifest.lock",
			);
			name = "[CP] Check Pods Manifest.lock";
			outputFileListPaths = (
			);
			outputPaths = (
				"$(DERIVED_FILE_DIR)/Pods-Moments-checkManifestLockResult.txt",
			);
			runOnlyForDeploymentPostprocessing = 0;
			shellPath = /bin/sh;
			shellScript = "diff \"${PODS_PODFILE_DIR_PATH}/Podfile.lock\" \"${PODS_ROOT}/Manifest.lock\" > /dev/null\nif [ $? != 0 ] ; then\n    # print error to STDERR\n    echo \"error: The sandbox is not in sync with the Podfile.lock. Run 'pod install' or update your CocoaPods installation.\" >&2\n    exit 1\nfi\n# This output is used by Xcode 'outputs' to avoid re-running this script phase.\necho \"SUCCESS\" > \"${SCRIPT_OUTPUT_FILE_0}\"\n";
			showEnvVarsInLog = 0;
		};
		10783CD021B0B63EE94AA08F /* [CP] Embed Pods Frameworks */ = {
			isa = PBXShellScriptBuildPhase;
			buildActionMask = 2147483647;
			files = (
			);
			inputFileListPaths = (
				"${PODS_ROOT}/Target Support Files/Pods-Moments/Pods-Moments-frameworks-${CONFIGURATION}-input-files.xcfilelist",
			);
			name = "[CP] Embed Pods Frameworks";
			outputFileListPaths = (
				"${PODS_ROOT}/Target Support Files/Pods-Moments/Pods-Moments-frameworks-${CONFIGURATION}-output-files.xcfilelist",
			);
			runOnlyForDeploymentPostprocessing = 0;
			shellPath = /bin/sh;
			shellScript = "\"${PODS_ROOT}/Target Support Files/Pods-Moments/Pods-Moments-frameworks.sh\"\n";
			showEnvVarsInLog = 0;
		};
		3F9D5CCE28E5F97F0083910F /* Run SwiftLint */ = {
			isa = PBXShellScriptBuildPhase;
			buildActionMask = 2147483647;
			files = (
			);
			inputFileListPaths = (
			);
			inputPaths = (
			);
			name = "Run SwiftLint";
			outputFileListPaths = (
			);
			outputPaths = (
			);
			runOnlyForDeploymentPostprocessing = 0;
			shellPath = /bin/sh;
			shellScript = "# Type a script or drag a script file from your workspace to insert its path.\n\"${PODS_ROOT}/SwiftLint/swiftlint\"\n";
		};
		60C5ACAA2597C18B0C9DAB84 /* [CP] Check Pods Manifest.lock */ = {
			isa = PBXShellScriptBuildPhase;
			buildActionMask = 2147483647;
			files = (
			);
			inputFileListPaths = (
			);
			inputPaths = (
				"${PODS_PODFILE_DIR_PATH}/Podfile.lock",
				"${PODS_ROOT}/Manifest.lock",
			);
			name = "[CP] Check Pods Manifest.lock";
			outputFileListPaths = (
			);
			outputPaths = (
				"$(DERIVED_FILE_DIR)/Pods-MomentsTests-checkManifestLockResult.txt",
			);
			runOnlyForDeploymentPostprocessing = 0;
			shellPath = /bin/sh;
			shellScript = "diff \"${PODS_PODFILE_DIR_PATH}/Podfile.lock\" \"${PODS_ROOT}/Manifest.lock\" > /dev/null\nif [ $? != 0 ] ; then\n    # print error to STDERR\n    echo \"error: The sandbox is not in sync with the Podfile.lock. Run 'pod install' or update your CocoaPods installation.\" >&2\n    exit 1\nfi\n# This output is used by Xcode 'outputs' to avoid re-running this script phase.\necho \"SUCCESS\" > \"${SCRIPT_OUTPUT_FILE_0}\"\n";
			showEnvVarsInLog = 0;
		};
		9606D1E6290FC2FB003CE7AA /* Run SwiftGen */ = {
			isa = PBXShellScriptBuildPhase;
			buildActionMask = 2147483647;
			files = (
			);
			inputFileListPaths = (
			);
			inputPaths = (
			);
			name = "Run SwiftGen";
			outputFileListPaths = (
			);
			outputPaths = (
			);
			runOnlyForDeploymentPostprocessing = 0;
			shellPath = /bin/sh;
			shellScript = "# Type a script or drag a script file from your workspace to insert its path.\n\"${PODS_ROOT}/SwiftGen/bin/swiftgen\"\n";
		};
		B1D8F16864A972551B8E498F /* [CP] Embed Pods Frameworks */ = {
			isa = PBXShellScriptBuildPhase;
			buildActionMask = 2147483647;
			files = (
			);
			inputFileListPaths = (
				"${PODS_ROOT}/Target Support Files/Pods-MomentsTests/Pods-MomentsTests-frameworks-${CONFIGURATION}-input-files.xcfilelist",
			);
			name = "[CP] Embed Pods Frameworks";
			outputFileListPaths = (
				"${PODS_ROOT}/Target Support Files/Pods-MomentsTests/Pods-MomentsTests-frameworks-${CONFIGURATION}-output-files.xcfilelist",
			);
			runOnlyForDeploymentPostprocessing = 0;
			shellPath = /bin/sh;
			shellScript = "\"${PODS_ROOT}/Target Support Files/Pods-MomentsTests/Pods-MomentsTests-frameworks.sh\"\n";
			showEnvVarsInLog = 0;
		};
/* End PBXShellScriptBuildPhase section */

/* Begin PBXSourcesBuildPhase section */
		3F60824D28D76183003A7D54 /* Sources */ = {
			isa = PBXSourcesBuildPhase;
			buildActionMask = 2147483647;
			files = (
				3F60825928D76183003A7D54 /* ViewController.swift in Sources */,
				3F60825528D76183003A7D54 /* AppDelegate.swift in Sources */,
				96DAE51C2A614D4400BD6EF5 /* ListViewModel.swift in Sources */,
				96DB82BD28F2B14000882982 /* InternalMenuFeatureToggleItemViewModel.swift in Sources */,
				96DB82BF28F2B48000882982 /* InternalMenuDescriptionCell.swift in Sources */,
				96E97257290BCFA300F488F8 /* BaseViewController.swift in Sources */,
				96DB82C128F2B5A300882982 /* InternalMenuActionTriggerCell.swift in Sources */,
				96020A1F2A49684E00FCB8A6 /* PersistentDataStoreType.swift in Sources */,
				96CB549C29091D5200F87421 /* RoutingSource.swift in Sources */,
				96CB54A5290932BF00F87421 /* UIApplicationExtensions.swift in Sources */,
				3F9F277128EED808006FB6C1 /* InternalTogglesDataStore.swift in Sources */,
				96CA54BF29499DD400E17691 /* MomentsDetails.swift in Sources */,
				96CA54C12949A9C400E17691 /* Configuration.swift in Sources */,
				96DB82CA28F2D29500882982 /* InternalMenuViewModel.swift in Sources */,
				96DB82B728F2AB9A00882982 /* InternalMenuDescriptionItemViewModel.swift in Sources */,
				96DAE5192A614B8B00BD6EF5 /* BaseTableViewController.swift in Sources */,
				96DB82B928F2ACB500882982 /* InternalMenuActionTriggerItemViewModel.swift in Sources */,
				96DB82C428F2B8BF00882982 /* Functions.swift in Sources */,
				96CB549E29091E5600F87421 /* Navigating.swift in Sources */,
				3F60825728D76183003A7D54 /* SceneDelegate.swift in Sources */,
				96020A212A496B7B00FCB8A6 /* UserDefaultsPersistentDataStore.swift in Sources */,
				96CA54C62949B9D600E17691 /* APISession.swift in Sources */,
				96DB82C828F2D0E200882982 /* InternalMenuSection.swift in Sources */,
				96020A242A49718D00FCB8A6 /* MomentsRepo.swift in Sources */,
				96CB549829091C2A00F87421 /* TransitionType.swift in Sources */,
				3F9F276D28EED089006FB6C1 /* TogglesDataStoreType.swift in Sources */,
				9606D1EE290FCB28003CE7AA /* Strings.swift in Sources */,
				3F9F276F28EED18E006FB6C1 /* BuildTargetTogglesDataStore.swift in Sources */,
				96DB82CC28F2D88500882982 /* InternalMenuViewController.swift in Sources */,
				96CB54A92909401E00F87421 /* InternalMenuDesignKitDemoItemViewModel.swift in Sources */,
				96CB54AB290948D800F87421 /* DesignKitDemoNavigator.swift in Sources */,
				96CB54A2290930F300F87421 /* AppRouter.swift in Sources */,
				3FAE3E9B28F187E900649B07 /* InternalMenuCellType.swift in Sources */,
				96CB549A29091CB200F87421 /* UniversalLinks.swift in Sources */,
				96CB54A02909210C00F87421 /* AppRouting.swift in Sources */,
				3FAE3E9D28F189CE00649B07 /* InternalMenuItemViewModel.swift in Sources */,
				96DAE5202A61549400BD6EF5 /* ListItemCell.swift in Sources */,
				96DB82C628F2BBF900882982 /* InternalMenuFeatureToggleCell.swift in Sources */,
				96BDC614294AC03F0071FDC6 /* GetMomentsByUserIDSession.swift in Sources */,
				96DB82BB28F2AE6F00882982 /* InternalMenuCrashAppItemViewModel.swift in Sources */,
				96CB54AE29094A2700F87421 /* DesignKitDemoViewController.swift in Sources */,
				96DAE51E2A614DD100BD6EF5 /* ListItemViewModel.swift in Sources */,
				96CB54A72909357300F87421 /* InternalMenuNavigator.swift in Sources */,
				96CA54C42949B03F00E17691 /* API.swift in Sources */,
			);
			runOnlyForDeploymentPostprocessing = 0;
		};
		3F60826328D76185003A7D54 /* Sources */ = {
			isa = PBXSourcesBuildPhase;
			buildActionMask = 2147483647;
			files = (
				3F60826C28D76185003A7D54 /* MomentsTests.swift in Sources */,
			);
			runOnlyForDeploymentPostprocessing = 0;
		};
		3F60826E28D76185003A7D54 /* Sources */ = {
			isa = PBXSourcesBuildPhase;
			buildActionMask = 2147483647;
			files = (
				3F60827728D76185003A7D54 /* MomentsUITests.swift in Sources */,
			);
			runOnlyForDeploymentPostprocessing = 0;
		};
/* End PBXSourcesBuildPhase section */

/* Begin PBXTargetDependency section */
		3F60826928D76185003A7D54 /* PBXTargetDependency */ = {
			isa = PBXTargetDependency;
			target = 3F60825028D76183003A7D54 /* Moments */;
			targetProxy = 3F60826828D76185003A7D54 /* PBXContainerItemProxy */;
		};
		3F60827428D76185003A7D54 /* PBXTargetDependency */ = {
			isa = PBXTargetDependency;
			target = 3F60825028D76183003A7D54 /* Moments */;
			targetProxy = 3F60827328D76185003A7D54 /* PBXContainerItemProxy */;
		};
/* End PBXTargetDependency section */

/* Begin PBXVariantGroup section */
		3F60825F28D76185003A7D54 /* LaunchScreen.storyboard */ = {
			isa = PBXVariantGroup;
			children = (
				3F60826028D76185003A7D54 /* Base */,
			);
			name = LaunchScreen.storyboard;
			sourceTree = "<group>";
		};
		9606D1EB290FC497003CE7AA /* Localizable.strings */ = {
			isa = PBXVariantGroup;
			children = (
				9606D1EA290FC497003CE7AA /* en */,
				9606D1EC290FC4C0003CE7AA /* zh-Hans */,
			);
			name = Localizable.strings;
			sourceTree = "<group>";
		};
/* End PBXVariantGroup section */

/* Begin XCBuildConfiguration section */
		3F60827928D76185003A7D54 /* Debug */ = {
			isa = XCBuildConfiguration;
			baseConfigurationReference = 3FBC1F8628D9FB8A007FA86A /* DebugProject.xcconfig */;
			buildSettings = {
				ALWAYS_SEARCH_USER_PATHS = NO;
				CLANG_ANALYZER_LOCALIZABILITY_NONLOCALIZED = YES;
				CLANG_ANALYZER_NONNULL = YES;
				CLANG_ANALYZER_NUMBER_OBJECT_CONVERSION = YES_AGGRESSIVE;
				CLANG_CXX_LANGUAGE_STANDARD = "gnu++14";
				CLANG_CXX_LIBRARY = "libc++";
				CLANG_ENABLE_MODULES = YES;
				CLANG_ENABLE_OBJC_ARC = YES;
				CLANG_ENABLE_OBJC_WEAK = YES;
				CLANG_WARN_BLOCK_CAPTURE_AUTORELEASING = YES;
				CLANG_WARN_BOOL_CONVERSION = YES;
				CLANG_WARN_COMMA = YES;
				CLANG_WARN_CONSTANT_CONVERSION = YES;
				CLANG_WARN_DEPRECATED_OBJC_IMPLEMENTATIONS = YES;
				CLANG_WARN_DIRECT_OBJC_ISA_USAGE = YES_ERROR;
				CLANG_WARN_DOCUMENTATION_COMMENTS = YES;
				CLANG_WARN_EMPTY_BODY = YES;
				CLANG_WARN_ENUM_CONVERSION = YES;
				CLANG_WARN_INFINITE_RECURSION = YES;
				CLANG_WARN_INT_CONVERSION = YES;
				CLANG_WARN_NON_LITERAL_NULL_CONVERSION = YES;
				CLANG_WARN_OBJC_IMPLICIT_RETAIN_SELF = YES;
				CLANG_WARN_OBJC_LITERAL_CONVERSION = YES;
				CLANG_WARN_OBJC_ROOT_CLASS = YES_ERROR;
				CLANG_WARN_QUOTED_INCLUDE_IN_FRAMEWORK_HEADER = YES;
				CLANG_WARN_RANGE_LOOP_ANALYSIS = YES;
				CLANG_WARN_STRICT_PROTOTYPES = YES;
				CLANG_WARN_SUSPICIOUS_MOVE = YES;
				CLANG_WARN_UNGUARDED_AVAILABILITY = YES_AGGRESSIVE;
				CLANG_WARN_UNREACHABLE_CODE = YES;
				CLANG_WARN__DUPLICATE_METHOD_MATCH = YES;
				COPY_PHASE_STRIP = NO;
				DEBUG_INFORMATION_FORMAT = dwarf;
				ENABLE_STRICT_OBJC_MSGSEND = YES;
				ENABLE_TESTABILITY = YES;
				GCC_C_LANGUAGE_STANDARD = gnu11;
				GCC_DYNAMIC_NO_PIC = NO;
				GCC_NO_COMMON_BLOCKS = YES;
				GCC_OPTIMIZATION_LEVEL = 0;
				GCC_PREPROCESSOR_DEFINITIONS = (
					"DEBUG=1",
					"$(inherited)",
				);
				GCC_WARN_64_TO_32_BIT_CONVERSION = YES;
				GCC_WARN_ABOUT_RETURN_TYPE = YES_ERROR;
				GCC_WARN_UNDECLARED_SELECTOR = YES;
				GCC_WARN_UNINITIALIZED_AUTOS = YES_AGGRESSIVE;
				GCC_WARN_UNUSED_FUNCTION = YES;
				GCC_WARN_UNUSED_VARIABLE = YES;
				MTL_ENABLE_DEBUG_INFO = INCLUDE_SOURCE;
				MTL_FAST_MATH = YES;
				ONLY_ACTIVE_ARCH = YES;
				SDKROOT = iphoneos;
				SWIFT_ACTIVE_COMPILATION_CONDITIONS = DEBUG;
				SWIFT_OPTIMIZATION_LEVEL = "-Onone";
			};
			name = Debug;
		};
		3F60827A28D76185003A7D54 /* Internal */ = {
			isa = XCBuildConfiguration;
			baseConfigurationReference = 3FBC1F8A28D9FB8B007FA86A /* InternalProject.xcconfig */;
			buildSettings = {
				ALWAYS_SEARCH_USER_PATHS = NO;
				CLANG_ANALYZER_LOCALIZABILITY_NONLOCALIZED = YES;
				CLANG_ANALYZER_NONNULL = YES;
				CLANG_ANALYZER_NUMBER_OBJECT_CONVERSION = YES_AGGRESSIVE;
				CLANG_CXX_LANGUAGE_STANDARD = "gnu++14";
				CLANG_CXX_LIBRARY = "libc++";
				CLANG_ENABLE_MODULES = YES;
				CLANG_ENABLE_OBJC_ARC = YES;
				CLANG_ENABLE_OBJC_WEAK = YES;
				CLANG_WARN_BLOCK_CAPTURE_AUTORELEASING = YES;
				CLANG_WARN_BOOL_CONVERSION = YES;
				CLANG_WARN_COMMA = YES;
				CLANG_WARN_CONSTANT_CONVERSION = YES;
				CLANG_WARN_DEPRECATED_OBJC_IMPLEMENTATIONS = YES;
				CLANG_WARN_DIRECT_OBJC_ISA_USAGE = YES_ERROR;
				CLANG_WARN_DOCUMENTATION_COMMENTS = YES;
				CLANG_WARN_EMPTY_BODY = YES;
				CLANG_WARN_ENUM_CONVERSION = YES;
				CLANG_WARN_INFINITE_RECURSION = YES;
				CLANG_WARN_INT_CONVERSION = YES;
				CLANG_WARN_NON_LITERAL_NULL_CONVERSION = YES;
				CLANG_WARN_OBJC_IMPLICIT_RETAIN_SELF = YES;
				CLANG_WARN_OBJC_LITERAL_CONVERSION = YES;
				CLANG_WARN_OBJC_ROOT_CLASS = YES_ERROR;
				CLANG_WARN_QUOTED_INCLUDE_IN_FRAMEWORK_HEADER = YES;
				CLANG_WARN_RANGE_LOOP_ANALYSIS = YES;
				CLANG_WARN_STRICT_PROTOTYPES = YES;
				CLANG_WARN_SUSPICIOUS_MOVE = YES;
				CLANG_WARN_UNGUARDED_AVAILABILITY = YES_AGGRESSIVE;
				CLANG_WARN_UNREACHABLE_CODE = YES;
				CLANG_WARN__DUPLICATE_METHOD_MATCH = YES;
				COPY_PHASE_STRIP = NO;
				DEBUG_INFORMATION_FORMAT = "dwarf-with-dsym";
				ENABLE_NS_ASSERTIONS = NO;
				ENABLE_STRICT_OBJC_MSGSEND = YES;
				GCC_C_LANGUAGE_STANDARD = gnu11;
				GCC_NO_COMMON_BLOCKS = YES;
				GCC_WARN_64_TO_32_BIT_CONVERSION = YES;
				GCC_WARN_ABOUT_RETURN_TYPE = YES_ERROR;
				GCC_WARN_UNDECLARED_SELECTOR = YES;
				GCC_WARN_UNINITIALIZED_AUTOS = YES_AGGRESSIVE;
				GCC_WARN_UNUSED_FUNCTION = YES;
				GCC_WARN_UNUSED_VARIABLE = YES;
				MTL_ENABLE_DEBUG_INFO = NO;
				MTL_FAST_MATH = YES;
				SDKROOT = iphoneos;
				SWIFT_COMPILATION_MODE = wholemodule;
				SWIFT_OPTIMIZATION_LEVEL = "-O";
				VALIDATE_PRODUCT = YES;
			};
			name = Internal;
		};
		3F60827C28D76185003A7D54 /* Debug */ = {
			isa = XCBuildConfiguration;
			baseConfigurationReference = 3FBC1F8F28D9FB8B007FA86A /* DebugTarget.xcconfig */;
			buildSettings = {
				ASSETCATALOG_COMPILER_APPICON_NAME = AppIcon;
				ASSETCATALOG_COMPILER_GLOBAL_ACCENT_COLOR_NAME = AccentColor;
				CODE_SIGN_STYLE = Automatic;
				DEVELOPMENT_TEAM = 8DMV8KYPEW;
				INFOPLIST_FILE = Moments/Info.plist;
				LD_RUNPATH_SEARCH_PATHS = (
					"$(inherited)",
					"@executable_path/Frameworks",
				);
				PRODUCT_NAME = "$(TARGET_NAME)";
				SWIFT_VERSION = 5.0;
				TARGETED_DEVICE_FAMILY = "1,2";
			};
			name = Debug;
		};
		3F60827D28D76185003A7D54 /* Internal */ = {
			isa = XCBuildConfiguration;
			baseConfigurationReference = 3FBC1F8728D9FB8A007FA86A /* InternalTarget.xcconfig */;
			buildSettings = {
				ASSETCATALOG_COMPILER_APPICON_NAME = AppIcon;
				ASSETCATALOG_COMPILER_GLOBAL_ACCENT_COLOR_NAME = AccentColor;
				CODE_SIGN_STYLE = Automatic;
				DEVELOPMENT_TEAM = 8DMV8KYPEW;
				INFOPLIST_FILE = Moments/Info.plist;
				LD_RUNPATH_SEARCH_PATHS = (
					"$(inherited)",
					"@executable_path/Frameworks",
				);
				PRODUCT_NAME = "$(TARGET_NAME)";
				SWIFT_VERSION = 5.0;
				TARGETED_DEVICE_FAMILY = "1,2";
			};
			name = Internal;
		};
		3F60827F28D76185003A7D54 /* Debug */ = {
			isa = XCBuildConfiguration;
			baseConfigurationReference = 991774A86DD6F00DBC06A869 /* Pods-MomentsTests.debug.xcconfig */;
			buildSettings = {
				ALWAYS_EMBED_SWIFT_STANDARD_LIBRARIES = YES;
				BUNDLE_LOADER = "$(TEST_HOST)";
				CODE_SIGN_STYLE = Automatic;
				DEVELOPMENT_TEAM = 8DMV8KYPEW;
				INFOPLIST_FILE = MomentsTests/Info.plist;
				IPHONEOS_DEPLOYMENT_TARGET = 14.5;
				LD_RUNPATH_SEARCH_PATHS = (
					"$(inherited)",
					"@executable_path/Frameworks",
					"@loader_path/Frameworks",
				);
				PRODUCT_BUNDLE_IDENTIFIER = com.ioslearning.swift.MomentsTests;
				PRODUCT_NAME = "$(TARGET_NAME)";
				SWIFT_VERSION = 5.0;
				TARGETED_DEVICE_FAMILY = "1,2";
				TEST_HOST = "$(BUILT_PRODUCTS_DIR)/Moments.app/Moments";
			};
			name = Debug;
		};
		3F60828028D76185003A7D54 /* Internal */ = {
			isa = XCBuildConfiguration;
			baseConfigurationReference = A80DC0DE5E22817CA3EBE7AD /* Pods-MomentsTests.internal.xcconfig */;
			buildSettings = {
				ALWAYS_EMBED_SWIFT_STANDARD_LIBRARIES = YES;
				BUNDLE_LOADER = "$(TEST_HOST)";
				CODE_SIGN_STYLE = Automatic;
				DEVELOPMENT_TEAM = 8DMV8KYPEW;
				INFOPLIST_FILE = MomentsTests/Info.plist;
				IPHONEOS_DEPLOYMENT_TARGET = 14.5;
				LD_RUNPATH_SEARCH_PATHS = (
					"$(inherited)",
					"@executable_path/Frameworks",
					"@loader_path/Frameworks",
				);
				PRODUCT_BUNDLE_IDENTIFIER = com.ioslearning.swift.MomentsTests;
				PRODUCT_NAME = "$(TARGET_NAME)";
				SWIFT_VERSION = 5.0;
				TARGETED_DEVICE_FAMILY = "1,2";
				TEST_HOST = "$(BUILT_PRODUCTS_DIR)/Moments.app/Moments";
			};
			name = Internal;
		};
		3F60828228D76185003A7D54 /* Debug */ = {
			isa = XCBuildConfiguration;
			buildSettings = {
				ALWAYS_EMBED_SWIFT_STANDARD_LIBRARIES = YES;
				CODE_SIGN_STYLE = Automatic;
				DEVELOPMENT_TEAM = 8DMV8KYPEW;
				INFOPLIST_FILE = MomentsUITests/Info.plist;
				LD_RUNPATH_SEARCH_PATHS = (
					"$(inherited)",
					"@executable_path/Frameworks",
					"@loader_path/Frameworks",
				);
				PRODUCT_BUNDLE_IDENTIFIER = com.ioslearning.swift.MomentsUITests;
				PRODUCT_NAME = "$(TARGET_NAME)";
				SWIFT_VERSION = 5.0;
				TARGETED_DEVICE_FAMILY = "1,2";
				TEST_TARGET_NAME = Moments;
			};
			name = Debug;
		};
		3F60828328D76185003A7D54 /* Internal */ = {
			isa = XCBuildConfiguration;
			buildSettings = {
				ALWAYS_EMBED_SWIFT_STANDARD_LIBRARIES = YES;
				CODE_SIGN_STYLE = Automatic;
				DEVELOPMENT_TEAM = 8DMV8KYPEW;
				INFOPLIST_FILE = MomentsUITests/Info.plist;
				LD_RUNPATH_SEARCH_PATHS = (
					"$(inherited)",
					"@executable_path/Frameworks",
					"@loader_path/Frameworks",
				);
				PRODUCT_BUNDLE_IDENTIFIER = com.ioslearning.swift.MomentsUITests;
				PRODUCT_NAME = "$(TARGET_NAME)";
				SWIFT_VERSION = 5.0;
				TARGETED_DEVICE_FAMILY = "1,2";
				TEST_TARGET_NAME = Moments;
			};
			name = Internal;
		};
		3F7EDAF928D9BEEA0086CAC6 /* AppStore */ = {
			isa = XCBuildConfiguration;
			baseConfigurationReference = 3FBC1F8B28D9FB8B007FA86A /* AppStoreProject.xcconfig */;
			buildSettings = {
				ALWAYS_SEARCH_USER_PATHS = NO;
				CLANG_ANALYZER_LOCALIZABILITY_NONLOCALIZED = YES;
				CLANG_ANALYZER_NONNULL = YES;
				CLANG_ANALYZER_NUMBER_OBJECT_CONVERSION = YES_AGGRESSIVE;
				CLANG_CXX_LANGUAGE_STANDARD = "gnu++14";
				CLANG_CXX_LIBRARY = "libc++";
				CLANG_ENABLE_MODULES = YES;
				CLANG_ENABLE_OBJC_ARC = YES;
				CLANG_ENABLE_OBJC_WEAK = YES;
				CLANG_WARN_BLOCK_CAPTURE_AUTORELEASING = YES;
				CLANG_WARN_BOOL_CONVERSION = YES;
				CLANG_WARN_COMMA = YES;
				CLANG_WARN_CONSTANT_CONVERSION = YES;
				CLANG_WARN_DEPRECATED_OBJC_IMPLEMENTATIONS = YES;
				CLANG_WARN_DIRECT_OBJC_ISA_USAGE = YES_ERROR;
				CLANG_WARN_DOCUMENTATION_COMMENTS = YES;
				CLANG_WARN_EMPTY_BODY = YES;
				CLANG_WARN_ENUM_CONVERSION = YES;
				CLANG_WARN_INFINITE_RECURSION = YES;
				CLANG_WARN_INT_CONVERSION = YES;
				CLANG_WARN_NON_LITERAL_NULL_CONVERSION = YES;
				CLANG_WARN_OBJC_IMPLICIT_RETAIN_SELF = YES;
				CLANG_WARN_OBJC_LITERAL_CONVERSION = YES;
				CLANG_WARN_OBJC_ROOT_CLASS = YES_ERROR;
				CLANG_WARN_QUOTED_INCLUDE_IN_FRAMEWORK_HEADER = YES;
				CLANG_WARN_RANGE_LOOP_ANALYSIS = YES;
				CLANG_WARN_STRICT_PROTOTYPES = YES;
				CLANG_WARN_SUSPICIOUS_MOVE = YES;
				CLANG_WARN_UNGUARDED_AVAILABILITY = YES_AGGRESSIVE;
				CLANG_WARN_UNREACHABLE_CODE = YES;
				CLANG_WARN__DUPLICATE_METHOD_MATCH = YES;
				COPY_PHASE_STRIP = NO;
				DEBUG_INFORMATION_FORMAT = "dwarf-with-dsym";
				ENABLE_NS_ASSERTIONS = NO;
				ENABLE_STRICT_OBJC_MSGSEND = YES;
				GCC_C_LANGUAGE_STANDARD = gnu11;
				GCC_NO_COMMON_BLOCKS = YES;
				GCC_WARN_64_TO_32_BIT_CONVERSION = YES;
				GCC_WARN_ABOUT_RETURN_TYPE = YES_ERROR;
				GCC_WARN_UNDECLARED_SELECTOR = YES;
				GCC_WARN_UNINITIALIZED_AUTOS = YES_AGGRESSIVE;
				GCC_WARN_UNUSED_FUNCTION = YES;
				GCC_WARN_UNUSED_VARIABLE = YES;
				MTL_ENABLE_DEBUG_INFO = NO;
				MTL_FAST_MATH = YES;
				SDKROOT = iphoneos;
				SWIFT_COMPILATION_MODE = wholemodule;
				SWIFT_OPTIMIZATION_LEVEL = "-O";
				VALIDATE_PRODUCT = YES;
			};
			name = AppStore;
		};
		3F7EDAFA28D9BEEA0086CAC6 /* AppStore */ = {
			isa = XCBuildConfiguration;
			baseConfigurationReference = 3FBC1F8C28D9FB8B007FA86A /* AppStoreTarget.xcconfig */;
			buildSettings = {
				ASSETCATALOG_COMPILER_APPICON_NAME = AppIcon;
				ASSETCATALOG_COMPILER_GLOBAL_ACCENT_COLOR_NAME = AccentColor;
				CODE_SIGN_STYLE = Automatic;
				DEVELOPMENT_TEAM = 8DMV8KYPEW;
				INFOPLIST_FILE = Moments/Info.plist;
				LD_RUNPATH_SEARCH_PATHS = (
					"$(inherited)",
					"@executable_path/Frameworks",
				);
				PRODUCT_NAME = "$(TARGET_NAME)";
				SWIFT_VERSION = 5.0;
				TARGETED_DEVICE_FAMILY = "1,2";
			};
			name = AppStore;
		};
		3F7EDAFB28D9BEEA0086CAC6 /* AppStore */ = {
			isa = XCBuildConfiguration;
			baseConfigurationReference = 77A43233DB2989BBA7D5F58B /* Pods-MomentsTests.appstore.xcconfig */;
			buildSettings = {
				ALWAYS_EMBED_SWIFT_STANDARD_LIBRARIES = YES;
				BUNDLE_LOADER = "$(TEST_HOST)";
				CODE_SIGN_STYLE = Automatic;
				DEVELOPMENT_TEAM = 8DMV8KYPEW;
				INFOPLIST_FILE = MomentsTests/Info.plist;
				IPHONEOS_DEPLOYMENT_TARGET = 14.5;
				LD_RUNPATH_SEARCH_PATHS = (
					"$(inherited)",
					"@executable_path/Frameworks",
					"@loader_path/Frameworks",
				);
				PRODUCT_BUNDLE_IDENTIFIER = com.ioslearning.swift.MomentsTests;
				PRODUCT_NAME = "$(TARGET_NAME)";
				SWIFT_VERSION = 5.0;
				TARGETED_DEVICE_FAMILY = "1,2";
				TEST_HOST = "$(BUILT_PRODUCTS_DIR)/Moments.app/Moments";
			};
			name = AppStore;
		};
		3F7EDAFC28D9BEEA0086CAC6 /* AppStore */ = {
			isa = XCBuildConfiguration;
			buildSettings = {
				ALWAYS_EMBED_SWIFT_STANDARD_LIBRARIES = YES;
				CODE_SIGN_STYLE = Automatic;
				DEVELOPMENT_TEAM = 8DMV8KYPEW;
				INFOPLIST_FILE = MomentsUITests/Info.plist;
				LD_RUNPATH_SEARCH_PATHS = (
					"$(inherited)",
					"@executable_path/Frameworks",
					"@loader_path/Frameworks",
				);
				PRODUCT_BUNDLE_IDENTIFIER = com.ioslearning.swift.MomentsUITests;
				PRODUCT_NAME = "$(TARGET_NAME)";
				SWIFT_VERSION = 5.0;
				TARGETED_DEVICE_FAMILY = "1,2";
				TEST_TARGET_NAME = Moments;
			};
			name = AppStore;
		};
/* End XCBuildConfiguration section */

/* Begin XCConfigurationList section */
		3F60824C28D76183003A7D54 /* Build configuration list for PBXProject "Moments" */ = {
			isa = XCConfigurationList;
			buildConfigurations = (
				3F60827928D76185003A7D54 /* Debug */,
				3F60827A28D76185003A7D54 /* Internal */,
				3F7EDAF928D9BEEA0086CAC6 /* AppStore */,
			);
			defaultConfigurationIsVisible = 0;
			defaultConfigurationName = Debug;
		};
		3F60827B28D76185003A7D54 /* Build configuration list for PBXNativeTarget "Moments" */ = {
			isa = XCConfigurationList;
			buildConfigurations = (
				3F60827C28D76185003A7D54 /* Debug */,
				3F60827D28D76185003A7D54 /* Internal */,
				3F7EDAFA28D9BEEA0086CAC6 /* AppStore */,
			);
			defaultConfigurationIsVisible = 0;
			defaultConfigurationName = Debug;
		};
		3F60827E28D76185003A7D54 /* Build configuration list for PBXNativeTarget "MomentsTests" */ = {
			isa = XCConfigurationList;
			buildConfigurations = (
				3F60827F28D76185003A7D54 /* Debug */,
				3F60828028D76185003A7D54 /* Internal */,
				3F7EDAFB28D9BEEA0086CAC6 /* AppStore */,
			);
			defaultConfigurationIsVisible = 0;
			defaultConfigurationName = Debug;
		};
		3F60828128D76185003A7D54 /* Build configuration list for PBXNativeTarget "MomentsUITests" */ = {
			isa = XCConfigurationList;
			buildConfigurations = (
				3F60828228D76185003A7D54 /* Debug */,
				3F60828328D76185003A7D54 /* Internal */,
				3F7EDAFC28D9BEEA0086CAC6 /* AppStore */,
			);
			defaultConfigurationIsVisible = 0;
			defaultConfigurationName = Debug;
		};
/* End XCConfigurationList section */
	};
	rootObject = 3F60824928D76183003A7D54 /* Project object */;
}
